
Microsoft Visual Studio Solution File, Format Version 12.00
# Visual Studio 2012
Project("{FAE04EC0-301F-11D3-BF4B-00C04F79EFBC}") = "CountWords", "CountWordsInString\CountWords.csproj", "{16F59B10-824E-4DD5-AC5D-9091C379206F}"
EndProject
Project("{FAE04EC0-301F-11D3-BF4B-00C04F79EFBC}") = "Tests", "Tests\Tests.csproj", "{A4B53E53-5DB6-4E49-91F9-312A7E48905E}"
EndProject
Global
	GlobalSection(SolutionConfigurationPlatforms) = preSolution
		Debug|Any CPU = Debug|Any CPU
		Release|Any CPU = Release|Any CPU
	EndGlobalSection
	GlobalSection(ProjectConfigurationPlatforms) = postSolution
		{16F59B10-824E-4DD5-AC5D-9091C379206F}.Debug|Any CPU.ActiveCfg = Debug|Any CPU
		{16F59B10-824E-4DD5-AC5D-9091C379206F}.Debug|Any CPU.Build.0 = Debug|Any CPU
		{16F59B10-824E-4DD5-AC5D-9091C379206F}.Release|Any CPU.ActiveCfg = Release|Any CPU
		{16F59B10-824E-4DD5-AC5D-9091C379206F}.Release|Any CPU.Build.0 = Release|Any CPU
		{A4B53E53-5DB6-4E49-91F9-312A7E48905E}.Debug|Any CPU.ActiveCfg = Debug|Any CPU
		{A4B53E53-5DB6-4E49-91F9-312A7E48905E}.Debug|Any CPU.Build.0 = Debug|Any CPU
		{A4B53E53-5DB6-4E49-91F9-312A7E48905E}.Release|Any CPU.ActiveCfg = Release|Any CPU
		{A4B53E53-5DB6-4E49-91F9-312A7E48905E}.Release|Any CPU.Build.0 = Release|Any CPU
	EndGlobalSection
	GlobalSection(SolutionProperties) = preSolution
		HideSolutionNode = FALSE
	EndGlobalSection
EndGlobal
